{
  "pins" : [
    {
      "identity" : "capacitor-swift-pm",
      "kind" : "remoteSourceControl",
      "location" : "https://github.com/ionic-team/capacitor-swift-pm.git",
      "state" : {
        "branch" : "main",
        "revision" : "cc2434d9cbc0f17d7a5d9e2f391cb94c7a5925b6"
      }
    }
  ],
  "version" : 2
}
